// !$*UTF8*$!
{
	archiveVersion = 1;
	classes = {
	};
	objectVersion = 50;
	objects = {

/* Begin PBXBuildFile section */
		EB8BC4A023F2970C00CF2DC1 /* AppDelegate.swift in Sources */ = {isa = PBXBuildFile; fileRef = EB8BC49F23F2970C00CF2DC1 /* AppDelegate.swift */; };
		EB8BC4A223F2970C00CF2DC1 /* SceneDelegate.swift in Sources */ = {isa = PBXBuildFile; fileRef = EB8BC4A123F2970C00CF2DC1 /* SceneDelegate.swift */; };
		EB8BC4A423F2970C00CF2DC1 /* ContentView.swift in Sources */ = {isa = PBXBuildFile; fileRef = EB8BC4A323F2970C00CF2DC1 /* ContentView.swift */; };
		EB8BC4A623F2971200CF2DC1 /* Assets.xcassets in Resources */ = {isa = PBXBuildFile; fileRef = EB8BC4A523F2971200CF2DC1 /* Assets.xcassets */; };
		EB8BC4A923F2971200CF2DC1 /* Preview Assets.xcassets in Resources */ = {isa = PBXBuildFile; fileRef = EB8BC4A823F2971200CF2DC1 /* Preview Assets.xcassets */; };
		EB8BC4AC23F2971200CF2DC1 /* LaunchScreen.storyboard in Resources */ = {isa = PBXBuildFile; fileRef = EB8BC4AA23F2971200CF2DC1 /* LaunchScreen.storyboard */; };
		EB8BC4B523F29C4100CF2DC1 /* NetworkManager.swift in Sources */ = {isa = PBXBuildFile; fileRef = EB8BC4B423F29C4100CF2DC1 /* NetworkManager.swift */; };
		EB8BC4B723F29D2400CF2DC1 /* PostData.swift in Sources */ = {isa = PBXBuildFile; fileRef = EB8BC4B623F29D2400CF2DC1 /* PostData.swift */; };
		EB8BC4BA23F2A4F100CF2DC1 /* DetailView.swift in Sources */ = {isa = PBXBuildFile; fileRef = EB8BC4B923F2A4F100CF2DC1 /* DetailView.swift */; };
		EB8BC4BC23F2A79400CF2DC1 /* WebView.swift in Sources */ = {isa = PBXBuildFile; fileRef = EB8BC4BB23F2A79400CF2DC1 /* WebView.swift */; };
/* End PBXBuildFile section */

/* Begin PBXFileReference section */
		EB8BC49C23F2970C00CF2DC1 /* H4X0R News.app */ = {isa = PBXFileReference; explicitFileType = wrapper.application; includeInIndex = 0; path = "H4X0R News.app"; sourceTree = BUILT_PRODUCTS_DIR; };
		EB8BC49F23F2970C00CF2DC1 /* AppDelegate.swift */ = {isa = PBXFileReference; lastKnownFileType = sourcecode.swift; path = AppDelegate.swift; sourceTree = "<group>"; };
		EB8BC4A123F2970C00CF2DC1 /* SceneDelegate.swift */ = {isa = PBXFileReference; lastKnownFileType = sourcecode.swift; path = SceneDelegate.swift; sourceTree = "<group>"; };
		EB8BC4A323F2970C00CF2DC1 /* ContentView.swift */ = {isa = PBXFileReference; lastKnownFileType = sourcecode.swift; path = ContentView.swift; sourceTree = "<group>"; };
		EB8BC4A523F2971200CF2DC1 /* Assets.xcassets */ = {isa = PBXFileReference; lastKnownFileType = folder.assetcatalog; path = Assets.xcassets; sourceTree = "<group>"; };
		EB8BC4A823F2971200CF2DC1 /* Preview Assets.xcassets */ = {isa = PBXFileReference; lastKnownFileType = folder.assetcatalog; path = "Preview Assets.xcassets"; sourceTree = "<group>"; };
		EB8BC4AB23F2971200CF2DC1 /* Base */ = {isa = PBXFileReference; lastKnownFileType = file.storyboard; name = Base; path = Base.lproj/LaunchScreen.storyboard; sourceTree = "<group>"; };
		EB8BC4AD23F2971200CF2DC1 /* Info.plist */ = {isa = PBXFileReference; lastKnownFileType = text.plist.xml; path = Info.plist; sourceTree = "<group>"; };
		EB8BC4B423F29C4100CF2DC1 /* NetworkManager.swift */ = {isa = PBXFileReference; lastKnownFileType = sourcecode.swift; path = NetworkManager.swift; sourceTree = "<group>"; };
		EB8BC4B623F29D2400CF2DC1 /* PostData.swift */ = {isa = PBXFileReference; lastKnownFileType = sourcecode.swift; path = PostData.swift; sourceTree = "<group>"; };
		EB8BC4B923F2A4F100CF2DC1 /* DetailView.swift */ = {isa = PBXFileReference; lastKnownFileType = sourcecode.swift; path = DetailView.swift; sourceTree = "<group>"; };
		EB8BC4BB23F2A79400CF2DC1 /* WebView.swift */ = {isa = PBXFileReference; lastKnownFileType = sourcecode.swift; path = WebView.swift; sourceTree = "<group>"; };
/* End PBXFileReference section */

/* Begin PBXFrameworksBuildPhase section */
		EB8BC49923F2970C00CF2DC1 /* Frameworks */ = {
			isa = PBXFrameworksBuildPhase;
			buildActionMask = 2147483647;
			files = (
			);
			runOnlyForDeploymentPostprocessing = 0;
		};
/* End PBXFrameworksBuildPhase section */

/* Begin PBXGroup section */
		EB8BC49323F2970C00CF2DC1 = {
			isa = PBXGroup;
			children = (
				EB8BC49E23F2970C00CF2DC1 /* H4X0R News */,
				EB8BC49D23F2970C00CF2DC1 /* Products */,
			);
			sourceTree = "<group>";
		};
		EB8BC49D23F2970C00CF2DC1 /* Products */ = {
			isa = PBXGroup;
			children = (
				EB8BC49C23F2970C00CF2DC1 /* H4X0R News.app */,
			);
			name = Products;
			sourceTree = "<group>";
		};
		EB8BC49E23F2970C00CF2DC1 /* H4X0R News */ = {
			isa = PBXGroup;
			children = (
				EB8BC49F23F2970C00CF2DC1 /* AppDelegate.swift */,
				EB8BC4A123F2970C00CF2DC1 /* SceneDelegate.swift */,
				EB8BC4B823F2A4E000CF2DC1 /* Views */,
				EB8BC4B323F29B4400CF2DC1 /* Models */,
				EB8BC4A523F2971200CF2DC1 /* Assets.xcassets */,
				EB8BC4AA23F2971200CF2DC1 /* LaunchScreen.storyboard */,
				EB8BC4AD23F2971200CF2DC1 /* Info.plist */,
				EB8BC4A723F2971200CF2DC1 /* Preview Content */,
			);
			path = "H4X0R News";
			sourceTree = "<group>";
		};
		EB8BC4A723F2971200CF2DC1 /* Preview Content */ = {
			isa = PBXGroup;
			children = (
				EB8BC4A823F2971200CF2DC1 /* Preview Assets.xcassets */,
			);
			path = "Preview Content";
			sourceTree = "<group>";
		};
		EB8BC4B323F29B4400CF2DC1 /* Models */ = {
			isa = PBXGroup;
			children = (
				EB8BC4B423F29C4100CF2DC1 /* NetworkManager.swift */,
				EB8BC4B623F29D2400CF2DC1 /* PostData.swift */,
			);
			path = Models;
			sourceTree = "<group>";
		};
		EB8BC4B823F2A4E000CF2DC1 /* Views */ = {
			isa = PBXGroup;
			children = (
				EB8BC4A323F2970C00CF2DC1 /* ContentView.swift */,
				EB8BC4B923F2A4F100CF2DC1 /* DetailView.swift */,
				EB8BC4BB23F2A79400CF2DC1 /* WebView.swift */,
			);
			path = Views;
			sourceTree = "<group>";
		};
/* End PBXGroup section */

/* Begin PBXNativeTarget section */
		EB8BC49B23F2970C00CF2DC1 /* H4X0R News */ = {
			isa = PBXNativeTarget;
			buildConfigurationList = EB8BC4B023F2971200CF2DC1 /* Build configuration list for PBXNativeTarget "H4X0R News" */;
			buildPhases = (
				EB8BC49823F2970C00CF2DC1 /* Sources */,
				EB8BC49923F2970C00CF2DC1 /* Frameworks */,
				EB8BC49A23F2970C00CF2DC1 /* Resources */,
			);
			buildRules = (
			);
			dependencies = (
			);
			name = "H4X0R News";
			productName = "H4X0R News";
			productReference = EB8BC49C23F2970C00CF2DC1 /* H4X0R News.app */;
			productType = "com.apple.product-type.application";
		};
/* End PBXNativeTarget section */

/* Begin PBXProject section */
		EB8BC49423F2970C00CF2DC1 /* Project object */ = {
			isa = PBXProject;
			attributes = {
				LastSwiftUpdateCheck = 1130;
				LastUpgradeCheck = 1130;
				ORGANIZATIONNAME = yogichandras;
				TargetAttributes = {
					EB8BC49B23F2970C00CF2DC1 = {
						CreatedOnToolsVersion = 11.3.1;
					};
				};
			};
			buildConfigurationList = EB8BC49723F2970C00CF2DC1 /* Build configuration list for PBXProject "H4X0R News" */;
			compatibilityVersion = "Xcode 9.3";
			developmentRegion = en;
			hasScannedForEncodings = 0;
			knownRegions = (
				en,
				Base,
			);
			mainGroup = EB8BC49323F2970C00CF2DC1;
			productRefGroup = EB8BC49D23F2970C00CF2DC1 /* Products */;
			projectDirPath = "";
			projectRoot = "";
			targets = (
				EB8BC49B23F2970C00CF2DC1 /* H4X0R News */,
			);
		};
/* End PBXProject section */

/* Begin PBXResourcesBuildPhase section */
		EB8BC49A23F2970C00CF2DC1 /* Resources */ = {
			isa = PBXResourcesBuildPhase;
			buildActionMask = 2147483647;
			files = (
				EB8BC4AC23F2971200CF2DC1 /* LaunchScreen.storyboard in Resources */,
				EB8BC4A923F2971200CF2DC1 /* Preview Assets.xcassets in Resources */,
				EB8BC4A623F2971200CF2DC1 /* Assets.xcassets in Resources */,
			);
			runOnlyForDeploymentPostprocessing = 0;
		};
/* End PBXResourcesBuildPhase section */

/* Begin PBXSourcesBuildPhase section */
		EB8BC49823F2970C00CF2DC1 /* Sources */ = {
			isa = PBXSourcesBuildPhase;
			buildActionMask = 2147483647;
			files = (
				EB8BC4B723F29D2400CF2DC1 /* PostData.swift in Sources */,
				EB8BC4BA23F2A4F100CF2DC1 /* DetailView.swift in Sources */,
				EB8BC4B523F29C4100CF2DC1 /* NetworkManager.swift in Sources */,
				EB8BC4A023F2970C00CF2DC1 /* AppDelegate.swift in Sources */,
				EB8BC4A223F2970C00CF2DC1 /* SceneDelegate.swift in Sources */,
				EB8BC4A423F2970C00CF2DC1 /* ContentView.swift in Sources */,
				EB8BC4BC23F2A79400CF2DC1 /* WebView.swift in Sources */,
			);
			runOnlyForDeploymentPostprocessing = 0;
		};
/* End PBXSourcesBuildPhase section */

/* Begin PBXVariantGroup section */
		EB8BC4AA23F2971200CF2DC1 /* LaunchScreen.storyboard */ = {
			isa = PBXVariantGroup;
			children = (
				EB8BC4AB23F2971200CF2DC1 /* Base */,
			);
			name = LaunchScreen.storyboard;
			sourceTree = "<group>";
		};
/* End PBXVariantGroup section */

/* Begin XCBuildConfiguration section */
		EB8BC4AE23F2971200CF2DC1 /* Debug */ = {
			isa = XCBuildConfiguration;
			buildSettings = {
				ALWAYS_SEARCH_USER_PATHS = NO;
				CLANG_ANALYZER_NONNULL = YES;
				CLANG_ANALYZER_NUMBER_OBJECT_CONVERSION = YES_AGGRESSIVE;
				CLANG_CXX_LANGUAGE_STANDARD = "gnu++14";
				CLANG_CXX_LIBRARY = "libc++";
				CLANG_ENABLE_MODULES = YES;
				CLANG_ENABLE_OBJC_ARC = YES;
				CLANG_ENABLE_OBJC_WEAK = YES;
				CLANG_WARN_BLOCK_CAPTURE_AUTORELEASING = YES;
				CLANG_WARN_BOOL_CONVERSION = YES;
				CLANG_WARN_COMMA = YES;
				CLANG_WARN_CONSTANT_CONVERSION = YES;
				CLANG_WARN_DEPRECATED_OBJC_IMPLEMENTATIONS = YES;
				CLANG_WARN_DIRECT_OBJC_ISA_USAGE = YES_ERROR;
				CLANG_WARN_DOCUMENTATION_COMMENTS = YES;
				CLANG_WARN_EMPTY_BODY = YES;
				CLANG_WARN_ENUM_CONVERSION = YES;
				CLANG_WARN_INFINITE_RECURSION = YES;
				CLANG_WARN_INT_CONVERSION = YES;
				CLANG_WARN_NON_LITERAL_NULL_CONVERSION = YES;
				CLANG_WARN_OBJC_IMPLICIT_RETAIN_SELF = YES;
				CLANG_WARN_OBJC_LITERAL_CONVERSION = YES;
				CLANG_WARN_OBJC_ROOT_CLASS = YES_ERROR;
				CLANG_WARN_RANGE_LOOP_ANALYSIS = YES;
				CLANG_WARN_STRICT_PROTOTYPES = YES;
				CLANG_WARN_SUSPICIOUS_MOVE = YES;
				CLANG_WARN_UNGUARDED_AVAILABILITY = YES_AGGRESSIVE;
				CLANG_WARN_UNREACHABLE_CODE = YES;
				CLANG_WARN__DUPLICATE_METHOD_MATCH = YES;
				COPY_PHASE_STRIP = NO;
				DEBUG_INFORMATION_FORMAT = dwarf;
				ENABLE_STRICT_OBJC_MSGSEND = YES;
				ENABLE_TESTABILITY = YES;
				GCC_C_LANGUAGE_STANDARD = gnu11;
				GCC_DYNAMIC_NO_PIC = NO;
				GCC_NO_COMMON_BLOCKS = YES;
				GCC_OPTIMIZATION_LEVEL = 0;
				GCC_PREPROCESSOR_DEFINITIONS = (
					"DEBUG=1",
					"$(inherited)",
				);
				GCC_WARN_64_TO_32_BIT_CONVERSION = YES;
				GCC_WARN_ABOUT_RETURN_TYPE = YES_ERROR;
				GCC_WARN_UNDECLARED_SELECTOR = YES;
				GCC_WARN_UNINITIALIZED_AUTOS = YES_AGGRESSIVE;
				GCC_WARN_UNUSED_FUNCTION = YES;
				GCC_WARN_UNUSED_VARIABLE = YES;
				IPHONEOS_DEPLOYMENT_TARGET = 13.2;
				MTL_ENABLE_DEBUG_INFO = INCLUDE_SOURCE;
				MTL_FAST_MATH = YES;
				ONLY_ACTIVE_ARCH = YES;
				SDKROOT = iphoneos;
				SWIFT_ACTIVE_COMPILATION_CONDITIONS = DEBUG;
				SWIFT_OPTIMIZATION_LEVEL = "-Onone";
			};
			name = Debug;
		};
		EB8BC4AF23F2971200CF2DC1 /* Release */ = {
			isa = XCBuildConfiguration;
			buildSettings = {
				ALWAYS_SEARCH_USER_PATHS = NO;
				CLANG_ANALYZER_NONNULL = YES;
				CLANG_ANALYZER_NUMBER_OBJECT_CONVERSION = YES_AGGRESSIVE;
				CLANG_CXX_LANGUAGE_STANDARD = "gnu++14";
				CLANG_CXX_LIBRARY = "libc++";
				CLANG_ENABLE_MODULES = YES;
				CLANG_ENABLE_OBJC_ARC = YES;
				CLANG_ENABLE_OBJC_WEAK = YES;
				CLANG_WARN_BLOCK_CAPTURE_AUTORELEASING = YES;
				CLANG_WARN_BOOL_CONVERSION = YES;
				CLANG_WARN_COMMA = YES;
				CLANG_WARN_CONSTANT_CONVERSION = YES;
				CLANG_WARN_DEPRECATED_OBJC_IMPLEMENTATIONS = YES;
				CLANG_WARN_DIRECT_OBJC_ISA_USAGE = YES_ERROR;
				CLANG_WARN_DOCUMENTATION_COMMENTS = YES;
				CLANG_WARN_EMPTY_BODY = YES;
				CLANG_WARN_ENUM_CONVERSION = YES;
				CLANG_WARN_INFINITE_RECURSION = YES;
				CLANG_WARN_INT_CONVERSION = YES;
				CLANG_WARN_NON_LITERAL_NULL_CONVERSION = YES;
				CLANG_WARN_OBJC_IMPLICIT_RETAIN_SELF = YES;
				CLANG_WARN_OBJC_LITERAL_CONVERSION = YES;
				CLANG_WARN_OBJC_ROOT_CLASS = YES_ERROR;
				CLANG_WARN_RANGE_LOOP_ANALYSIS = YES;
				CLANG_WARN_STRICT_PROTOTYPES = YES;
				CLANG_WARN_SUSPICIOUS_MOVE = YES;
				CLANG_WARN_UNGUARDED_AVAILABILITY = YES_AGGRESSIVE;
				CLANG_WARN_UNREACHABLE_CODE = YES;
				CLANG_WARN__DUPLICATE_METHOD_MATCH = YES;
				COPY_PHASE_STRIP = NO;
				DEBUG_INFORMATION_FORMAT = "dwarf-with-dsym";
				ENABLE_NS_ASSERTIONS = NO;
				ENABLE_STRICT_OBJC_MSGSEND = YES;
				GCC_C_LANGUAGE_STANDARD = gnu11;
				GCC_NO_COMMON_BLOCKS = YES;
				GCC_WARN_64_TO_32_BIT_CONVERSION = YES;
				GCC_WARN_ABOUT_RETURN_TYPE = YES_ERROR;
				GCC_WARN_UNDECLARED_SELECTOR = YES;
				GCC_WARN_UNINITIALIZED_AUTOS = YES_AGGRESSIVE;
				GCC_WARN_UNUSED_FUNCTION = YES;
				GCC_WARN_UNUSED_VARIABLE = YES;
				IPHONEOS_DEPLOYMENT_TARGET = 13.2;
				MTL_ENABLE_DEBUG_INFO = NO;
				MTL_FAST_MATH = YES;
				SDKROOT = iphoneos;
				SWIFT_COMPILATION_MODE = wholemodule;
				SWIFT_OPTIMIZATION_LEVEL = "-O";
				VALIDATE_PRODUCT = YES;
			};
			name = Release;
		};
		EB8BC4B123F2971200CF2DC1 /* Debug */ = {
			isa = XCBuildConfiguration;
			buildSettings = {
				ASSETCATALOG_COMPILER_APPICON_NAME = AppIcon;
				CODE_SIGN_STYLE = Automatic;
				DEVELOPMENT_ASSET_PATHS = "\"H4X0R News/Preview Content\"";
				DEVELOPMENT_TEAM = 3GJJU9CV5W;
				ENABLE_PREVIEWS = YES;
				INFOPLIST_FILE = "H4X0R News/Info.plist";
				LD_RUNPATH_SEARCH_PATHS = (
					"$(inherited)",
					"@executable_path/Frameworks",
				);
				PRODUCT_BUNDLE_IDENTIFIER = "id.asynchronous.H4X0R-News";
				PRODUCT_NAME = "$(TARGET_NAME)";
				SWIFT_VERSION = 5.0;
				TARGETED_DEVICE_FAMILY = "1,2";
			};
			name = Debug;
		};
		EB8BC4B223F2971200CF2DC1 /* Release */ = {
			isa = XCBuildConfiguration;
			buildSettings = {
				ASSETCATALOG_COMPILER_APPICON_NAME = AppIcon;
				CODE_SIGN_STYLE = Automatic;
				DEVELOPMENT_ASSET_PATHS = "\"H4X0R News/Preview Content\"";
				DEVELOPMENT_TEAM = 3GJJU9CV5W;
				ENABLE_PREVIEWS = YES;
				INFOPLIST_FILE = "H4X0R News/Info.plist";
				LD_RUNPATH_SEARCH_PATHS = (
					"$(inherited)",
					"@executable_path/Frameworks",
				);
				PRODUCT_BUNDLE_IDENTIFIER = "id.asynchronous.H4X0R-News";
				PRODUCT_NAME = "$(TARGET_NAME)";
				SWIFT_VERSION = 5.0;
				TARGETED_DEVICE_FAMILY = "1,2";
			};
			name = Release;
		};
/* End XCBuildConfiguration section */

/* Begin XCConfigurationList section */
		EB8BC49723F2970C00CF2DC1 /* Build configuration list for PBXProject "H4X0R News" */ = {
			isa = XCConfigurationList;
			buildConfigurations = (
				EB8BC4AE23F2971200CF2DC1 /* Debug */,
				EB8BC4AF23F2971200CF2DC1 /* Release */,
			);
			defaultConfigurationIsVisible = 0;
			defaultConfigurationName = Release;
		};
		EB8BC4B023F2971200CF2DC1 /* Build configuration list for PBXNativeTarget "H4X0R News" */ = {
			isa = XCConfigurationList;
			buildConfigurations = (
				EB8BC4B123F2971200CF2DC1 /* Debug */,
				EB8BC4B223F2971200CF2DC1 /* Release */,
			);
			defaultConfigurationIsVisible = 0;
			defaultConfigurationName = Release;
		};
/* End XCConfigurationList section */
	};
	rootObject = EB8BC49423F2970C00CF2DC1 /* Project object */;
}
